
Microsoft Visual Studio Solution File, Format Version 12.00
# Visual Studio 15
VisualStudioVersion = 15.0.28010.2019
MinimumVisualStudioVersion = 10.0.40219.1
Project("{FAE04EC0-301F-11D3-BF4B-00C04F79EFBC}") = "WebApplication1", "WebApplication1\WebApplication1.csproj", "{0A44E8CE-0787-4817-9F02-3552E3DBFD4A}"
EndProject
Global
	GlobalSection(SolutionConfigurationPlatforms) = preSolution
		Debug|Any CPU = Debug|Any CPU
		Release|Any CPU = Release|Any CPU
	EndGlobalSection
	GlobalSection(ProjectConfigurationPlatforms) = postSolution
		{0A44E8CE-0787-4817-9F02-3552E3DBFD4A}.Debug|Any CPU.ActiveCfg = Debug|Any CPU
		{0A44E8CE-0787-4817-9F02-3552E3DBFD4A}.Debug|Any CPU.Build.0 = Debug|Any CPU
		{0A44E8CE-0787-4817-9F02-3552E3DBFD4A}.Release|Any CPU.ActiveCfg = Release|Any CPU
		{0A44E8CE-0787-4817-9F02-3552E3DBFD4A}.Release|Any CPU.Build.0 = Release|Any CPU
	EndGlobalSection
	GlobalSection(SolutionProperties) = preSolution
		HideSolutionNode = FALSE
	EndGlobalSection
	GlobalSection(ExtensibilityGlobals) = postSolution
		SolutionGuid = {45C8C7F9-E2E0-4C84-90EF-3A20CBD16100}
	EndGlobalSection
EndGlobal
